
Microsoft Visual Studio Solution File, Format Version 12.00
# Visual Studio Version 16
VisualStudioVersion = 16.0.30413.136
MinimumVisualStudioVersion = 10.0.40219.1
Project("{9A19103F-16F7-4668-BE54-9A1E7A4F7556}") = "TI1", "Lab1\TI1.csproj", "{87D7F284-658A-4CAB-A430-3950E75FDFEB}"
EndProject
Project("{9A19103F-16F7-4668-BE54-9A1E7A4F7556}") = "TI2", "Lab2\TI2.csproj", "{0451A9FD-4E82-4C02-8CFB-7D447E660E73}"
EndProject
Project("{FAE04EC0-301F-11D3-BF4B-00C04F79EFBC}") = "TI3", "Lab3\TI3.csproj", "{CA92A2CA-A8BD-401C-A122-59097322634F}"
EndProject
Global
	GlobalSection(SolutionConfigurationPlatforms) = preSolution
		Debug|Any CPU = Debug|Any CPU
		Release|Any CPU = Release|Any CPU
	EndGlobalSection
	GlobalSection(ProjectConfigurationPlatforms) = postSolution
		{87D7F284-658A-4CAB-A430-3950E75FDFEB}.Debug|Any CPU.ActiveCfg = Debug|Any CPU
		{87D7F284-658A-4CAB-A430-3950E75FDFEB}.Debug|Any CPU.Build.0 = Debug|Any CPU
		{87D7F284-658A-4CAB-A430-3950E75FDFEB}.Release|Any CPU.ActiveCfg = Release|Any CPU
		{87D7F284-658A-4CAB-A430-3950E75FDFEB}.Release|Any CPU.Build.0 = Release|Any CPU
		{0451A9FD-4E82-4C02-8CFB-7D447E660E73}.Debug|Any CPU.ActiveCfg = Debug|Any CPU
		{0451A9FD-4E82-4C02-8CFB-7D447E660E73}.Debug|Any CPU.Build.0 = Debug|Any CPU
		{0451A9FD-4E82-4C02-8CFB-7D447E660E73}.Release|Any CPU.ActiveCfg = Release|Any CPU
		{0451A9FD-4E82-4C02-8CFB-7D447E660E73}.Release|Any CPU.Build.0 = Release|Any CPU
		{CA92A2CA-A8BD-401C-A122-59097322634F}.Debug|Any CPU.ActiveCfg = Debug|Any CPU
		{CA92A2CA-A8BD-401C-A122-59097322634F}.Debug|Any CPU.Build.0 = Debug|Any CPU
		{CA92A2CA-A8BD-401C-A122-59097322634F}.Release|Any CPU.ActiveCfg = Release|Any CPU
		{CA92A2CA-A8BD-401C-A122-59097322634F}.Release|Any CPU.Build.0 = Release|Any CPU
	EndGlobalSection
	GlobalSection(SolutionProperties) = preSolution
		HideSolutionNode = FALSE
	EndGlobalSection
	GlobalSection(ExtensibilityGlobals) = postSolution
		SolutionGuid = {BAD55A93-2A3D-4A0B-AF32-3D0978286CC0}
	EndGlobalSection
EndGlobal
